<?xml version="1.0" encoding="utf-8"?>
<Project ToolsVersion="4.0" xmlns="http://schemas.microsoft.com/developer/msbuild/2003">
  <ItemGroup>
    <Filter Include="Source Files">
      <UniqueIdentifier>{4FC737F1-C7A5-4376-A066-2A32D752A2FF}</UniqueIdentifier>
      <Extensions>cpp;c;cc;cxx;def;odl;idl;hpj;bat;asm;asmx</Extensions>
    </Filter>
    <Filter Include="Header Files">
      <UniqueIdentifier>{93995380-89BD-4b04-88EB-625FBE52EBFB}</UniqueIdentifier>
      <Extensions>h;hh;hpp;hxx;hm;inl;inc;ipp;xsd</Extensions>
    </Filter>
    <Filter Include="Resource Files">
      <UniqueIdentifier>{67DA6AB6-F800-4c08-8B7A-83BB121AAD01}</UniqueIdentifier>
      <Extensions>rc;ico;cur;bmp;dlg;rc2;rct;bin;rgs;gif;jpg;jpeg;jpe;resx;tiff;tif;png;wav;mfcribbon-ms</Extensions>
    </Filter>
  </ItemGroup>
  <ItemGroup>
    <ClCompile Include="RenderingSystem.cpp">
      <Filter>Source Files</Filter>
    </ClCompile>
    <ClCompile Include="Scene\ForwardRenderer.cpp">
      <Filter>Source Files</Filter>
    </ClCompile>
    <ClCompile Include="Scene\SceneEntity.cpp">
      <Filter>Source Files</Filter>
    </ClCompile>
    <ClCompile Include="Scene\Renderables\MeshInstance.cpp">
      <Filter>Source Files</Filter>
    </ClCompile>
    <ClCompile Include="Scene\Scene.cpp">
      <Filter>Source Files</Filter>
    </ClCompile>
    <ClCompile Include="Scene\Camera.cpp">
      <Filter>Source Files</Filter>
    </ClCompile>
    <ClCompile Include="StateData.cpp">
      <Filter>Source Files</Filter>
    </ClCompile>
    <ClCompile Include="Renderer.cpp">
      <Filter>Source Files</Filter>
    </ClCompile>
    <ClCompile Include="Mesh.cpp">
      <Filter>Source Files</Filter>
    </ClCompile>
    <ClCompile Include="Formats.cpp">
      <Filter>Source Files</Filter>
    </ClCompile>
    <ClCompile Include="Light.cpp">
      <Filter>Source Files</Filter>
    </ClCompile>
    <ClCompile Include="Shader\Shader.cpp">
      <Filter>Source Files</Filter>
    </ClCompile>
    <ClCompile Include="Shader\ShaderProgram.cpp">
      <Filter>Source Files</Filter>
    </ClCompile>
    <ClCompile Include="Material\Material.cpp">
      <Filter>Source Files</Filter>
    </ClCompile>
    <ClCompile Include="Material\StaticMaterial.cpp">
      <Filter>Source Files</Filter>
    </ClCompile>
    <ClCompile Include="Material\DynamicMaterial.cpp">
      <Filter>Source Files</Filter>
    </ClCompile>
    <ClCompile Include="ImguiRenderer.cpp">
      <Filter>Source Files</Filter>
    </ClCompile>
    <ClCompile Include="NGA\DX11\NGACoreDX11.cpp">
      <Filter>Source Files</Filter>
    </ClCompile>
    <ClCompile Include="NGA\DX11\NGACoreInternalDX11.cpp">
      <Filter>Source Files</Filter>
    </ClCompile>
    <ClCompile Include="NGA\DX11\NGAResourcesDX11.cpp">
      <Filter>Source Files</Filter>
    </ClCompile>
    <ClCompile Include="Resources\VertexBuffer.cpp">
      <Filter>Source Files</Filter>
    </ClCompile>
    <ClCompile Include="Resources\IndexBuffer.cpp">
      <Filter>Source Files</Filter>
    </ClCompile>
    <ClCompile Include="NGA\DX11\NGACommandContextDX11.cpp">
      <Filter>Source Files</Filter>
    </ClCompile>
    <ClCompile Include="NGA\DX11\NGASamplerState.cpp">
      <Filter>Source Files</Filter>
    </ClCompile>
    <ClCompile Include="NGA\DX11\NGAResourceViewsDX11.cpp">
      <Filter>Source Files</Filter>
    </ClCompile>
    <ClCompile Include="Resources\Texture.cpp">
      <Filter>Source Files</Filter>
    </ClCompile>
    <ClCompile Include="NGA\DX11\NGAShaderDX11.cpp">
      <Filter>Source Files</Filter>
    </ClCompile>
    <ClCompile Include="NGA\NGACommon.cpp">
      <Filter>Source Files</Filter>
    </ClCompile>
    <ClCompile Include="NGA\DX11\NGAInputLayoutDX11.cpp">
      <Filter>Source Files</Filter>
    </ClCompile>
    <ClCompile Include="Resources\ConstantBuffer.cpp">
      <Filter>Source Files</Filter>
    </ClCompile>
    <ClCompile Include="NGA\DX11\NGASwapChainDX11.cpp">
      <Filter>Source Files</Filter>
    </ClCompile>
    <ClCompile Include="NGA\DX11\NGARasterizerDX11.cpp">
      <Filter>Source Files</Filter>
    </ClCompile>
  </ItemGroup>
  <ItemGroup>
    <ClInclude Include="RenderingSystem.h">
      <Filter>Header Files</Filter>
    </ClInclude>
    <ClInclude Include="RenderDefs.h">
      <Filter>Header Files</Filter>
    </ClInclude>
    <ClInclude Include="Scene\Scene.h">
      <Filter>Header Files</Filter>
    </ClInclude>
    <ClInclude Include="Scene\SceneEntity.h">
      <Filter>Header Files</Filter>
    </ClInclude>
    <ClInclude Include="Scene\SceneRenderer.h">
      <Filter>Header Files</Filter>
    </ClInclude>
    <ClInclude Include="Scene\ForwardRenderer.h">
      <Filter>Header Files</Filter>
    </ClInclude>
    <ClInclude Include="Scene\Renderables\MeshInstance.h">
      <Filter>Header Files</Filter>
    </ClInclude>
    <ClInclude Include="Scene\Renderables\RenderableInstance.h">
      <Filter>Header Files</Filter>
    </ClInclude>
    <ClInclude Include="Buffer.h">
      <Filter>Header Files</Filter>
    </ClInclude>
    <ClInclude Include="Formats.h">
      <Filter>Header Files</Filter>
    </ClInclude>
    <ClInclude Include="Scene\Camera.h">
      <Filter>Header Files</Filter>
    </ClInclude>
    <ClInclude Include="Renderer.h">
      <Filter>Header Files</Filter>
    </ClInclude>
    <ClInclude Include="StateData.h">
      <Filter>Header Files</Filter>
    </ClInclude>
    <ClInclude Include="Rect.h">
      <Filter>Header Files</Filter>
    </ClInclude>
    <ClInclude Include="Mesh.h">
      <Filter>Header Files</Filter>
    </ClInclude>
    <ClInclude Include="Light.h">
      <Filter>Header Files</Filter>
    </ClInclude>
    <ClInclude Include="Shader\Shader.h">
      <Filter>Header Files</Filter>
    </ClInclude>
    <ClInclude Include="Shader\ShaderProgram.h">
      <Filter>Header Files</Filter>
    </ClInclude>
    <ClInclude Include="Material\Material.h">
      <Filter>Header Files</Filter>
    </ClInclude>
    <ClInclude Include="Material\StaticMaterial.h">
      <Filter>Header Files</Filter>
    </ClInclude>
    <ClInclude Include="Material\DynamicMaterial.h">
      <Filter>Header Files</Filter>
    </ClInclude>
    <ClInclude Include="ImguiRenderer.h">
      <Filter>Header Files</Filter>
    </ClInclude>
    <ClInclude Include="NGA\DX11\NGACoreInternalDX11.h">
      <Filter>Header Files</Filter>
    </ClInclude>
    <ClInclude Include="NGA\NGACommandContext.h">
      <Filter>Header Files</Filter>
    </ClInclude>
    <ClInclude Include="NGA\NGACommon.h">
      <Filter>Header Files</Filter>
    </ClInclude>
    <ClInclude Include="NGA\NGACore.h">
      <Filter>Header Files</Filter>
    </ClInclude>
    <ClInclude Include="NGA\NGADefs.h">
      <Filter>Header Files</Filter>
    </ClInclude>
    <ClInclude Include="NGA\NGAShader.h">
      <Filter>Header Files</Filter>
    </ClInclude>
    <ClInclude Include="NGA\NGAResources.h">
      <Filter>Header Files</Filter>
    </ClInclude>
    <ClInclude Include="Resources\VertexBuffer.h">
      <Filter>Header Files</Filter>
    </ClInclude>
    <ClInclude Include="Resources\IndexBuffer.h">
      <Filter>Header Files</Filter>
    </ClInclude>
    <ClInclude Include="NGA\NGASamplerState.h">
      <Filter>Header Files</Filter>
    </ClInclude>
    <ClInclude Include="NGA\NGAResourceViews.h">
      <Filter>Header Files</Filter>
    </ClInclude>
    <ClInclude Include="Resources\Texture.h">
      <Filter>Header Files</Filter>
    </ClInclude>
    <ClInclude Include="NGA\NGAInputLayout.h">
      <Filter>Header Files</Filter>
    </ClInclude>
    <ClInclude Include="Resources\ConstantBuffer.h">
      <Filter>Header Files</Filter>
    </ClInclude>
    <ClInclude Include="NGA\NGASwapChain.h">
      <Filter>Header Files</Filter>
    </ClInclude>
    <ClInclude Include="NGA\NGARasterizer.h">
      <Filter>Header Files</Filter>
    </ClInclude>
  </ItemGroup>
  <ItemGroup>
    <Text Include="ReadMe.txt" />
  </ItemGroup>
  <ItemGroup>
    <None Include="Shader\HLSL\light.hlsli" />
    <None Include="Shader\HLSL\shader_common.hlsli" />
    <None Include="Shader\HLSL\shader_common_ps.hlsli" />
    <None Include="Shader\HLSL\shader_common_vs.hlsli" />
    <None Include="Shader\EngineShaders\material.hlsli" />
  </ItemGroup>
</Project>