
Microsoft Visual Studio Solution File, Format Version 12.00
# Visual Studio 15
VisualStudioVersion = 15.0.28307.168
MinimumVisualStudioVersion = 10.0.40219.1
Project("{8BC9CEB8-8B4A-11D0-8D11-00A0C91BC942}") = "Game", "Game\Game.vcxproj", "{237BE6A0-35A9-4E5F-B59D-8A3C3ECA0F14}"
	ProjectSection(ProjectDependencies) = postProject
		{BCF92C13-F6E9-408D-AEB7-3FAB79B56678} = {BCF92C13-F6E9-408D-AEB7-3FAB79B56678}
		{36ED7316-C64C-41D7-A29D-0A242DD84979} = {36ED7316-C64C-41D7-A29D-0A242DD84979}
		{29460F26-D491-4110-A8D5-4BC3EA7A7AC4} = {29460F26-D491-4110-A8D5-4BC3EA7A7AC4}
		{8AF38E7B-A93D-42A0-B363-8F6729DC2818} = {8AF38E7B-A93D-42A0-B363-8F6729DC2818}
	EndProjectSection
EndProject
Project("{2150E333-8FDC-42A3-9474-1A3956D46DE8}") = "NAEngine", "NAEngine", "{CAD9370D-CAB3-49BE-8C9E-0DD990D3D754}"
EndProject
Project("{8BC9CEB8-8B4A-11D0-8D11-00A0C91BC942}") = "Renderer", "..\NAEngine\Renderer\Renderer.vcxproj", "{29460F26-D491-4110-A8D5-4BC3EA7A7AC4}"
	ProjectSection(ProjectDependencies) = postProject
		{BCF92C13-F6E9-408D-AEB7-3FAB79B56678} = {BCF92C13-F6E9-408D-AEB7-3FAB79B56678}
		{36ED7316-C64C-41D7-A29D-0A242DD84979} = {36ED7316-C64C-41D7-A29D-0A242DD84979}
	EndProjectSection
EndProject
Project("{8BC9CEB8-8B4A-11D0-8D11-00A0C91BC942}") = "Base", "..\NAEngine\Base\Base.vcxproj", "{BCF92C13-F6E9-408D-AEB7-3FAB79B56678}"
	ProjectSection(ProjectDependencies) = postProject
		{36ED7316-C64C-41D7-A29D-0A242DD84979} = {36ED7316-C64C-41D7-A29D-0A242DD84979}
	EndProjectSection
EndProject
Project("{8BC9CEB8-8B4A-11D0-8D11-00A0C91BC942}") = "Vendor", "..\NAEngine\Vendor\Vendor.vcxproj", "{36ED7316-C64C-41D7-A29D-0A242DD84979}"
EndProject
Project("{8BC9CEB8-8B4A-11D0-8D11-00A0C91BC942}") = "Engine", "..\NAEngine\Engine\Engine.vcxproj", "{8AF38E7B-A93D-42A0-B363-8F6729DC2818}"
	ProjectSection(ProjectDependencies) = postProject
		{BCF92C13-F6E9-408D-AEB7-3FAB79B56678} = {BCF92C13-F6E9-408D-AEB7-3FAB79B56678}
		{36ED7316-C64C-41D7-A29D-0A242DD84979} = {36ED7316-C64C-41D7-A29D-0A242DD84979}
		{29460F26-D491-4110-A8D5-4BC3EA7A7AC4} = {29460F26-D491-4110-A8D5-4BC3EA7A7AC4}
	EndProjectSection
EndProject
Global
	GlobalSection(SolutionConfigurationPlatforms) = preSolution
		Debug|x64 = Debug|x64
		Debug|x86 = Debug|x86
		DebugTools|x64 = DebugTools|x64
		DebugTools|x86 = DebugTools|x86
		Release|x64 = Release|x64
		Release|x86 = Release|x86
	EndGlobalSection
	GlobalSection(ProjectConfigurationPlatforms) = postSolution
		{237BE6A0-35A9-4E5F-B59D-8A3C3ECA0F14}.Debug|x64.ActiveCfg = Debug|x64
		{237BE6A0-35A9-4E5F-B59D-8A3C3ECA0F14}.Debug|x64.Build.0 = Debug|x64
		{237BE6A0-35A9-4E5F-B59D-8A3C3ECA0F14}.Debug|x86.ActiveCfg = Debug|Win32
		{237BE6A0-35A9-4E5F-B59D-8A3C3ECA0F14}.Debug|x86.Build.0 = Debug|Win32
		{237BE6A0-35A9-4E5F-B59D-8A3C3ECA0F14}.DebugTools|x64.ActiveCfg = DebugTools|x64
		{237BE6A0-35A9-4E5F-B59D-8A3C3ECA0F14}.DebugTools|x64.Build.0 = DebugTools|x64
		{237BE6A0-35A9-4E5F-B59D-8A3C3ECA0F14}.DebugTools|x86.ActiveCfg = DebugTools|Win32
		{237BE6A0-35A9-4E5F-B59D-8A3C3ECA0F14}.DebugTools|x86.Build.0 = DebugTools|Win32
		{237BE6A0-35A9-4E5F-B59D-8A3C3ECA0F14}.Release|x64.ActiveCfg = Release|x64
		{237BE6A0-35A9-4E5F-B59D-8A3C3ECA0F14}.Release|x64.Build.0 = Release|x64
		{237BE6A0-35A9-4E5F-B59D-8A3C3ECA0F14}.Release|x86.ActiveCfg = Release|Win32
		{237BE6A0-35A9-4E5F-B59D-8A3C3ECA0F14}.Release|x86.Build.0 = Release|Win32
		{29460F26-D491-4110-A8D5-4BC3EA7A7AC4}.Debug|x64.ActiveCfg = Debug|x64
		{29460F26-D491-4110-A8D5-4BC3EA7A7AC4}.Debug|x64.Build.0 = Debug|x64
		{29460F26-D491-4110-A8D5-4BC3EA7A7AC4}.Debug|x86.ActiveCfg = Debug|Win32
		{29460F26-D491-4110-A8D5-4BC3EA7A7AC4}.Debug|x86.Build.0 = Debug|Win32
		{29460F26-D491-4110-A8D5-4BC3EA7A7AC4}.DebugTools|x64.ActiveCfg = DebugTools|x64
		{29460F26-D491-4110-A8D5-4BC3EA7A7AC4}.DebugTools|x64.Build.0 = DebugTools|x64
		{29460F26-D491-4110-A8D5-4BC3EA7A7AC4}.DebugTools|x86.ActiveCfg = DebugTools|Win32
		{29460F26-D491-4110-A8D5-4BC3EA7A7AC4}.DebugTools|x86.Build.0 = DebugTools|Win32
		{29460F26-D491-4110-A8D5-4BC3EA7A7AC4}.Release|x64.ActiveCfg = Release|x64
		{29460F26-D491-4110-A8D5-4BC3EA7A7AC4}.Release|x64.Build.0 = Release|x64
		{29460F26-D491-4110-A8D5-4BC3EA7A7AC4}.Release|x86.ActiveCfg = Release|Win32
		{29460F26-D491-4110-A8D5-4BC3EA7A7AC4}.Release|x86.Build.0 = Release|Win32
		{BCF92C13-F6E9-408D-AEB7-3FAB79B56678}.Debug|x64.ActiveCfg = Debug|x64
		{BCF92C13-F6E9-408D-AEB7-3FAB79B56678}.Debug|x64.Build.0 = Debug|x64
		{BCF92C13-F6E9-408D-AEB7-3FAB79B56678}.Debug|x86.ActiveCfg = Debug|Win32
		{BCF92C13-F6E9-408D-AEB7-3FAB79B56678}.Debug|x86.Build.0 = Debug|Win32
		{BCF92C13-F6E9-408D-AEB7-3FAB79B56678}.DebugTools|x64.ActiveCfg = DebugTools|x64
		{BCF92C13-F6E9-408D-AEB7-3FAB79B56678}.DebugTools|x64.Build.0 = DebugTools|x64
		{BCF92C13-F6E9-408D-AEB7-3FAB79B56678}.DebugTools|x86.ActiveCfg = DebugTools|Win32
		{BCF92C13-F6E9-408D-AEB7-3FAB79B56678}.DebugTools|x86.Build.0 = DebugTools|Win32
		{BCF92C13-F6E9-408D-AEB7-3FAB79B56678}.Release|x64.ActiveCfg = Release|x64
		{BCF92C13-F6E9-408D-AEB7-3FAB79B56678}.Release|x64.Build.0 = Release|x64
		{BCF92C13-F6E9-408D-AEB7-3FAB79B56678}.Release|x86.ActiveCfg = Release|Win32
		{BCF92C13-F6E9-408D-AEB7-3FAB79B56678}.Release|x86.Build.0 = Release|Win32
		{36ED7316-C64C-41D7-A29D-0A242DD84979}.Debug|x64.ActiveCfg = Debug|x64
		{36ED7316-C64C-41D7-A29D-0A242DD84979}.Debug|x64.Build.0 = Debug|x64
		{36ED7316-C64C-41D7-A29D-0A242DD84979}.Debug|x86.ActiveCfg = Debug|Win32
		{36ED7316-C64C-41D7-A29D-0A242DD84979}.Debug|x86.Build.0 = Debug|Win32
		{36ED7316-C64C-41D7-A29D-0A242DD84979}.DebugTools|x64.ActiveCfg = DebugTools|x64
		{36ED7316-C64C-41D7-A29D-0A242DD84979}.DebugTools|x64.Build.0 = DebugTools|x64
		{36ED7316-C64C-41D7-A29D-0A242DD84979}.DebugTools|x86.ActiveCfg = DebugTools|Win32
		{36ED7316-C64C-41D7-A29D-0A242DD84979}.DebugTools|x86.Build.0 = DebugTools|Win32
		{36ED7316-C64C-41D7-A29D-0A242DD84979}.Release|x64.ActiveCfg = Release|x64
		{36ED7316-C64C-41D7-A29D-0A242DD84979}.Release|x64.Build.0 = Release|x64
		{36ED7316-C64C-41D7-A29D-0A242DD84979}.Release|x86.ActiveCfg = Release|Win32
		{36ED7316-C64C-41D7-A29D-0A242DD84979}.Release|x86.Build.0 = Release|Win32
		{8AF38E7B-A93D-42A0-B363-8F6729DC2818}.Debug|x64.ActiveCfg = Debug|x64
		{8AF38E7B-A93D-42A0-B363-8F6729DC2818}.Debug|x64.Build.0 = Debug|x64
		{8AF38E7B-A93D-42A0-B363-8F6729DC2818}.Debug|x86.ActiveCfg = Debug|Win32
		{8AF38E7B-A93D-42A0-B363-8F6729DC2818}.Debug|x86.Build.0 = Debug|Win32
		{8AF38E7B-A93D-42A0-B363-8F6729DC2818}.DebugTools|x64.ActiveCfg = DebugTools|x64
		{8AF38E7B-A93D-42A0-B363-8F6729DC2818}.DebugTools|x64.Build.0 = DebugTools|x64
		{8AF38E7B-A93D-42A0-B363-8F6729DC2818}.DebugTools|x86.ActiveCfg = Debug|Win32
		{8AF38E7B-A93D-42A0-B363-8F6729DC2818}.DebugTools|x86.Build.0 = Debug|Win32
		{8AF38E7B-A93D-42A0-B363-8F6729DC2818}.Release|x64.ActiveCfg = Release|x64
		{8AF38E7B-A93D-42A0-B363-8F6729DC2818}.Release|x64.Build.0 = Release|x64
		{8AF38E7B-A93D-42A0-B363-8F6729DC2818}.Release|x86.ActiveCfg = Release|Win32
		{8AF38E7B-A93D-42A0-B363-8F6729DC2818}.Release|x86.Build.0 = Release|Win32
	EndGlobalSection
	GlobalSection(SolutionProperties) = preSolution
		HideSolutionNode = FALSE
	EndGlobalSection
	GlobalSection(NestedProjects) = preSolution
		{29460F26-D491-4110-A8D5-4BC3EA7A7AC4} = {CAD9370D-CAB3-49BE-8C9E-0DD990D3D754}
		{BCF92C13-F6E9-408D-AEB7-3FAB79B56678} = {CAD9370D-CAB3-49BE-8C9E-0DD990D3D754}
		{36ED7316-C64C-41D7-A29D-0A242DD84979} = {CAD9370D-CAB3-49BE-8C9E-0DD990D3D754}
		{8AF38E7B-A93D-42A0-B363-8F6729DC2818} = {CAD9370D-CAB3-49BE-8C9E-0DD990D3D754}
	EndGlobalSection
	GlobalSection(ExtensibilityGlobals) = postSolution
		SolutionGuid = {AAA34BEA-FCC7-478E-B121-24CD96A051F1}
	EndGlobalSection
EndGlobal
